github.com/cyphar/filepath-securejoin v0.5.1 h1:eYgfMq5yryL4fbWfkLpFFy2ukSELzaJOTaUTuh+oF48=
github.com/cyphar/filepath-securejoin v0.5.1/go.mod h1:Sdj7gXlvMcPZsbhwhQ33GguGLDGQL7h7bg04C/+u9jI=
github.com/davecgh/go-spew v1.1.1 h1:vj9j/u1bqnvCEfJOwUhtlOARqs3+rkHYY13jYWTU97c=
github.com/davecgh/go-spew v1.1.1/go.mod h1:J7Y8YcW2NihsgmVo/mv3lAwl/skON4iLHjSsI+c5H38=
github.com/docker/docker v28.5.2+incompatible h1:DBX0Y0zAjZbSrm1uzOkdr1onVghKaftjlSWt4AFexzM=
github.com/docker/docker v28.5.2+incompatible/go.mod h1:eEKB0N0r5NX/I1kEveEz05bcu8tLC/8azJZsviup8Sk=
github.com/docker/go-connections v0.7.0 h1:6SsRfJddP22WMrCkj19x9WKjEDTB+ahsdiGYf0mN39c=
github.com/docker/go-connections v0.7.0/go.mod h1:no1qkHdjq7kLMGUXYAduOhYPSJxxvgWBh7ogVvptn3Q=
github.com/docker/go-units v0.5.0 h1:69rxXcBk27SvSaaxTtLh/8llcHD8vYHT7WSdRZ/jvr4=
github.com/docker/go-units v0.5.0/go.mod h1:fgPhTUdO+D/Jk86RDLlptpiXQzgHJF7gydDDbaIK4Dk=
github.com/google/go-cmp v0.5.9 h1:O2Tfq5qg4qc4AmwVlvv0oLiVAGB7enBSJ2x2DqQFi38=
github.com/google/go-cmp v0.5.9/go.mod h1:17dUlkBOakJ0+DkrSSNjCkIjxS6bF9zb3elmeNGIjoY=
github.com/moby/docker-image-spec v1.3.1 h1:jMKff3w6PgbfSa69GfNg+zN/XLhfXJGnEx3Nl2EsFP0=
github.com/moby/docker-image-spec v1.3.1/go.mod h1:eKmb5VW8vQEh/BAr2yvVNvuiJuY6UIocYsFu/DxxRpo=
github.com/opencontainers/go-digest v1.0.0 h1:apOUWs51W5PlhuyGyz9FCeeBIOUDA/6nW8Oi/yOhh5U=
github.com/opencontainers/go-digest v1.0.0/go.mod h1:0JzlMkj0TRzQZfJkVvzbP0HBR3IKzErnv2BNG4W4MAM=
github.com/opencontainers/image-spec v1.1.1 h1:y0fUlFfIZhPF1W537XOLg0/fcx6zcHCJwooC2xJA040=
github.com/opencontainers/image-spec v1.1.1/go.mod h1:qpqAh3Dmcf36wStyyWU+kCeDgrGnAve2nCC8+7h8Q0M=
github.com/opencontainers/selinux v1.13.1 h1:A8nNeceYngH9Ow++M+VVEwJVpdFmrlxsN22F+ISDCJE=
github.com/opencontainers/selinux v1.13.1/go.mod h1:S10WXZ/osk2kWOYKy1x2f/eXF5ZHJoUs8UU/2caNRbg=
github.com/pmezard/go-difflib v1.0.0 h1:4DBwDE0NGyQoBHbLQYPwSUPoCMWR5BEzIk/f1lZbAQM=
github.com/pmezard/go-difflib v1.0.0/go.mod h1:iKH77koFhYxTK1pcRnkKkqfTogsbg7gZNVY4sRDYZ/4=
github.com/stretchr/testify v1.7.1 h1:5TQK59W5E3v0r2duFAb7P95B6hEeOyEnHRa8MjYSMTY=
github.com/stretchr/testify v1.7.1/go.mod h1:6Fq8oRcR53rry900zMqJjRRixrwX3KX962/h/Wwjteg=
go.arcalot.io/assert v1.9.0 h1:iwcznbfcfBKZ0aUYmyUNWRi8VhmabqKHEWwwP0CuJaE=
go.arcalot.io/assert v1.9.0/go.mod h1:CiNzHqQ1sRz/iYvE/l33nizMrI2X0zO5XJ0YIAYyFlo=
go.arcalot.io/lang v1.2.0 h1:FExtEbVdVT26KbeKEImQVwg2nvU5X2N3M0egl58QJJw=
go.arcalot.io/lang v1.2.0/go.mod h1:8vX8kD2lQYzoiL52cBXMM6qrnAzBVqxF8GLd5uQ2vKA=
go.arcalot.io/log/v2 v2.3.1 h1:dCD99LK43pW3yuaSfcLYPJPj0kAn4whVNeyn0ltjnQI=
go.arcalot.io/log/v2 v2.3.1/go.mod h1:UqIhMCNjPe0fySTugR0Si83c3BtMIDYuPeCM1dOjIkw=
go.flow.arcalot.io/deployer v0.7.0 h1:SLcR558jtGCYpcLCKH5LbNi27bNml+CEdg0d2OjnePc=
go.flow.arcalot.io/deployer v0.7.0/go.mod h1:RXx3jAEXg8JjfiUNHjoIhTSnpcX/cHMu31TTWTmKvyg=
go.flow.arcalot.io/pluginsdk v0.15.0 h1:MHPMaFr997WCnsRkm2YoP43WPFo+EH1pj2kAaE8hkZk=
go.flow.arcalot.io/pluginsdk v0.15.0/go.mod h1:cNkgKOBJuNhyd7c4yVwyVaDVWtF2cD0Q5mt9j1TSAjE=
golang.org/x/sys v0.43.0 h1:Rlag2XtaFTxp19wS8MXlJwTvoh8ArU6ezoyFsMyCTNI=
golang.org/x/sys v0.43.0/go.mod h1:4GL1E5IUh+htKOUEOaiffhrAeqysfVGipDYzABqnCmw=
golang.org/x/term v0.42.0 h1:UiKe+zDFmJobeJ5ggPwOshJIVt6/Ft0rcfrXZDLWAWY=
golang.org/x/term v0.42.0/go.mod h1:Dq/D+snpsbazcBG5+F9Q1n2rXV8Ma+71xEjTRufARgY=
gopkg.in/yaml.v3 v3.0.1 h1:fxVm/GzAzEWqLHuvctI91KS9hhNmmWOoWu0XTYJS7CA=
gopkg.in/yaml.v3 v3.0.1/go.mod h1:K4uyk7z7BCEPqu6E+C64Yfv1cQ7kz7rIZviUmN+EgEM=
gotest.tools/v3 v3.5.2 h1:7koQfIKdy+I8UTetycgUqXWSDwpgv193Ka+qRsmBY8Q=
gotest.tools/v3 v3.5.2/go.mod h1:LtdLGcnqToBH83WByAAi/wiwSFCArdFIUV/xxN4pcjA=
