github.com/davecgh/go-spew v1.1.1 h1:vj9j/u1bqnvCEfJOwUhtlOARqs3+rkHYY13jYWTU97c=
github.com/docker/docker v24.0.6+incompatible h1:hceabKCtUgDqPu+qm0NgsaXf28Ljf4/pWFL7xjWWDgE=
github.com/docker/docker v24.0.6+incompatible/go.mod h1:eEKB0N0r5NX/I1kEveEz05bcu8tLC/8azJZsviup8Sk=
github.com/docker/go-connections v0.4.0 h1:El9xVISelRB7BuFusrZozjnkIM5YnzCViNKohAFqRJQ=
github.com/docker/go-connections v0.4.0/go.mod h1:Gbd7IOopHjR8Iph03tsViu4nIes5XhDvyHbTtUxmeec=
github.com/docker/go-units v0.5.0 h1:69rxXcBk27SvSaaxTtLh/8llcHD8vYHT7WSdRZ/jvr4=
github.com/docker/go-units v0.5.0/go.mod h1:fgPhTUdO+D/Jk86RDLlptpiXQzgHJF7gydDDbaIK4Dk=
github.com/google/go-cmp v0.5.9 h1:O2Tfq5qg4qc4AmwVlvv0oLiVAGB7enBSJ2x2DqQFi38=
github.com/joho/godotenv v1.5.1 h1:7eLL/+HRGLY0ldzfGMeQkb7vMd0as4CfYvUVzLqw0N0=
github.com/joho/godotenv v1.5.1/go.mod h1:f4LDr5Voq0i2e/R5DDNOoa2zzDfwtkZa6DnEwAbqwq4=
github.com/pmezard/go-difflib v1.0.0 h1:4DBwDE0NGyQoBHbLQYPwSUPoCMWR5BEzIk/f1lZbAQM=
github.com/stretchr/testify v1.8.4 h1:CcVxjf3Q8PM0mHUKJCdn+eZZtm5yQwehR5yeSVQQcUk=
github.com/stretchr/testify v1.8.4/go.mod h1:sz/lmYIOXD/1dqDmKjjqLyZ2RngseejIcXlSw2iwfAo=
go.arcalot.io/assert v1.6.0 h1:iKA8SZZ1MRblMX5QAwwY5RbpR+VNyp//4IU7vo08Xu0=
go.arcalot.io/assert v1.6.0/go.mod h1:Xy3ScX0p9IMY89gdsgexOKxnmDr0nGHG9dV7p8Uxg7w=
go.arcalot.io/lang v1.0.0 h1:mgDaieT4wWdZTnR4V7+/pgYRmzfU7VZZgIzHccuxAbY=
go.arcalot.io/lang v1.0.0/go.mod h1:ALqfYEhAzC2WoGLaycmJoNJd5NmkR7V1PSKp/c5D278=
go.arcalot.io/log/v2 v2.0.0 h1:mbmsWDVBXZNWrDzUh5JLzeGCQ59kTuMFs+pyfJGc1hk=
go.arcalot.io/log/v2 v2.0.0/go.mod h1:1V8jnFIIGwh2CtcGkHNOmy1nCo7LbazQNkUcnKYNMn4=
go.flow.arcalot.io/deployer v0.2.0 h1:CpkCYlB8NfpmELIEPdw3/al8XknCSfD/L2vie2lJBJo=
go.flow.arcalot.io/deployer v0.2.0/go.mod h1:xVSB+svHVPmX6yTZIU0K4U/pDbs+rezsWa69vYA+E6k=
go.flow.arcalot.io/pluginsdk v0.4.1 h1:sooyHRNCH/EIQJe+842qZJAgXHuffclFbc3hPMgbhCc=
go.flow.arcalot.io/pluginsdk v0.4.1/go.mod h1:8Gp8Q0Eo0s+2I4nNl3uQ95jPi2zFKEX7JqyjhmK7BiI=
gopkg.in/yaml.v3 v3.0.1 h1:fxVm/GzAzEWqLHuvctI91KS9hhNmmWOoWu0XTYJS7CA=
gotest.tools/v3 v3.5.1 h1:EENdUnS3pdur5nybKYIh2Vfgc8IUNBjxDPSjtiJcOzU=
gotest.tools/v3 v3.5.1/go.mod h1:isy3WKz7GK6uNw/sbHzfKBLvlvXwUyV06n6brMxxopU=
