github.com/docker/docker v27.5.0+incompatible h1:um++2NcQtGRTz5eEgO6aJimo6/JxrTXC941hd05JO6U=
github.com/docker/docker v27.5.0+incompatible/go.mod h1:eEKB0N0r5NX/I1kEveEz05bcu8tLC/8azJZsviup8Sk=
github.com/docker/go-connections v0.5.0 h1:USnMq7hx7gwdVZq1L49hLXaFtUdTADjXGp+uj1Br63c=
github.com/docker/go-connections v0.5.0/go.mod h1:ov60Kzw0kKElRwhNs9UlUHAE/F9Fe6GLaXnqyDdmEXc=
github.com/docker/go-units v0.5.0 h1:69rxXcBk27SvSaaxTtLh/8llcHD8vYHT7WSdRZ/jvr4=
github.com/docker/go-units v0.5.0/go.mod h1:fgPhTUdO+D/Jk86RDLlptpiXQzgHJF7gydDDbaIK4Dk=
github.com/google/go-cmp v0.5.9 h1:O2Tfq5qg4qc4AmwVlvv0oLiVAGB7enBSJ2x2DqQFi38=
github.com/google/go-cmp v0.5.9/go.mod h1:17dUlkBOakJ0+DkrSSNjCkIjxS6bF9zb3elmeNGIjoY=
github.com/moby/docker-image-spec v1.3.1 h1:jMKff3w6PgbfSa69GfNg+zN/XLhfXJGnEx3Nl2EsFP0=
github.com/moby/docker-image-spec v1.3.1/go.mod h1:eKmb5VW8vQEh/BAr2yvVNvuiJuY6UIocYsFu/DxxRpo=
github.com/opencontainers/go-digest v1.0.0 h1:apOUWs51W5PlhuyGyz9FCeeBIOUDA/6nW8Oi/yOhh5U=
github.com/opencontainers/go-digest v1.0.0/go.mod h1:0JzlMkj0TRzQZfJkVvzbP0HBR3IKzErnv2BNG4W4MAM=
github.com/opencontainers/image-spec v1.1.0 h1:8SG7/vwALn54lVB/0yZ/MMwhFrPYtpEHQb2IpWsCzug=
github.com/opencontainers/image-spec v1.1.0/go.mod h1:W4s4sFTMaBeK1BQLXbG4AdM2szdn85PY75RI83NrTrM=
github.com/opencontainers/selinux v1.11.1 h1:nHFvthhM0qY8/m+vfhJylliSshm8G1jJ2jDMcgULaH8=
github.com/opencontainers/selinux v1.11.1/go.mod h1:E5dMC3VPuVvVHDYmi78qvhJp8+M586T4DlDRYpFkyec=
go.arcalot.io/assert v1.8.0 h1:hGcHMPncQXwQvjj7MbyOu2gg8VIBB00crUJZpeQOjxs=
go.arcalot.io/assert v1.8.0/go.mod h1:nNmWPoNUHFyrPkNrD2aASm5yPuAfiWdB/4X7Lw3ykHk=
go.arcalot.io/lang v1.1.0 h1:ugglRKpd3qIMkdghAjKJxsziIgHm8QpxrzZPSXoa08I=
go.arcalot.io/lang v1.1.0/go.mod h1:2BZJO4csY7NnN/Nf1+eTdIQH4A2vxtOMneaO+PJl+Co=
go.arcalot.io/log/v2 v2.2.0 h1:a4wVAqQ/6zFyEG6I9Dnd7eFA52KKGaBK3hj9PgZ/e0c=
go.arcalot.io/log/v2 v2.2.0/go.mod h1:h/Hlyz6wH+mjRUKdL3W2fG2oMrAm2qgPxb0rNJJDUuY=
go.flow.arcalot.io/deployer v0.6.1 h1:Q65VHeRZzdrMJZqTRb26EQZQbK+C3pORETVlpw02xWQ=
go.flow.arcalot.io/deployer v0.6.1/go.mod h1:Oh+71KYQEof6IS3UGhpMyjQQPRcuomUccn7fwAqrPxE=
go.flow.arcalot.io/pluginsdk v0.14.2 h1:WVVvrJ7KGqkxV2w93CwYx37iVAIlT0lzOZelatDRBC0=
go.flow.arcalot.io/pluginsdk v0.14.2/go.mod h1:BL2bFNQN+Qn9ZQavJ38gIXBukX0FyXdJrs99EiyWqhc=
golang.org/x/sys v0.29.0 h1:TPYlXGxvx1MGTn2GiZDhnjPA9wZzZeGKHHmKhHYvgaU=
golang.org/x/sys v0.29.0/go.mod h1:/VUhepiaJMQUp4+oa/7Zr1D23ma6VTLIYjOOTFZPUcA=
golang.org/x/term v0.28.0 h1:/Ts8HFuMR2E6IP/jlo7QVLZHggjKQbhu/7H0LJFr3Gg=
golang.org/x/term v0.28.0/go.mod h1:Sw/lC2IAUZ92udQNf3WodGtn4k/XoLyZoh8v/8uiwek=
gopkg.in/yaml.v3 v3.0.1 h1:fxVm/GzAzEWqLHuvctI91KS9hhNmmWOoWu0XTYJS7CA=
gopkg.in/yaml.v3 v3.0.1/go.mod h1:K4uyk7z7BCEPqu6E+C64Yfv1cQ7kz7rIZviUmN+EgEM=
gotest.tools/v3 v3.5.1 h1:EENdUnS3pdur5nybKYIh2Vfgc8IUNBjxDPSjtiJcOzU=
gotest.tools/v3 v3.5.1/go.mod h1:isy3WKz7GK6uNw/sbHzfKBLvlvXwUyV06n6brMxxopU=
